uuid: 9d3ef32f-af5e-48fe-a3b9-80ad9fa26e75
langcode: en
status: true
dependencies:
  content:
    - 'block_content:basic:279f8300-5e2a-40dc-bdb9-6c9b412d720a'
  module:
    - block_content
  theme:
    - bartik
id: aboutusfooterblock
theme: bartik
region: footer_fifth
weight: 0
provider: null
plugin: 'block_content:279f8300-5e2a-40dc-bdb9-6c9b412d720a'
settings:
  id: 'block_content:279f8300-5e2a-40dc-bdb9-6c9b412d720a'
  label: 'About us(footer block)'
  label_display: '0'
  provider: block_content
  status: true
  info: ''
  view_mode: full
visibility: {  }
