uuid: dead20d3-1bbe-4187-a7f3-c9fbadec9b3d
langcode: en
status: true
dependencies:
  config:
    - block_content.type.adv
    - field.storage.block_content.field_adv_media_for_block
    - media.type.image
id: block_content.adv.field_adv_media_for_block
field_name: field_adv_media_for_block
entity_type: block_content
bundle: adv
label: 'Adv media for block'
description: ''
required: false
translatable: false
default_value: {  }
default_value_callback: ''
settings:
  handler: 'default:media'
  handler_settings:
    target_bundles:
      image: image
    sort:
      field: _none
      direction: ASC
    auto_create: false
    auto_create_bundle: ''
field_type: entity_reference
